<?xml version="1.0" encoding="utf-8"?>
<Project ToolsVersion="4.0" xmlns="http://schemas.microsoft.com/developer/msbuild/2003">
  <ItemGroup>
    <Filter Include="Header Files">
      <UniqueIdentifier>{93995380-89BD-4b04-88EB-625FBE52EBFB}</UniqueIdentifier>
      <Extensions>h;hh;hpp;hxx;hm;inl;inc;xsd</Extensions>
    </Filter>
    <Filter Include="Source Files">
      <UniqueIdentifier>{4FC737F1-C7A5-4376-A066-2A32D752A2FF}</UniqueIdentifier>
      <Extensions>cpp;c;cc;cxx;def;odl;idl;hpj;bat;asm;asmx</Extensions>
    </Filter>
    <Filter Include="Resource Files">
      <UniqueIdentifier>{67DA6AB6-F800-4c08-8B7A-83BB121AAD01}</UniqueIdentifier>
      <Extensions>rc;ico;cur;bmp;dlg;rc2;rct;bin;rgs;gif;jpg;jpeg;jpe;resx;tiff;tif;png;wav;mfcribbon-ms</Extensions>
    </Filter>
  </ItemGroup>
  <ItemGroup>
    <ClInclude Include="common.h">
      <Filter>Header Files</Filter>
    </ClInclude>
    <ClInclude Include="resource.h">
      <Filter>Header Files</Filter>
    </ClInclude>
  </ItemGroup>
  <ItemGroup>
    <ClCompile Include="common.c">
      <Filter>Source Files</Filter>
    </ClCompile>
    <ClCompile Include="src\cmdarg.c">
      <Filter>Source Files</Filter>
    </ClCompile>
    <ClCompile Include="src\filesystem.c">
      <Filter>Source Files</Filter>
    </ClCompile>
    <ClCompile Include="src\hash.c">
      <Filter>Source Files</Filter>
    </ClCompile>
    <ClCompile Include="src\init.c">
      <Filter>Source Files</Filter>
    </ClCompile>
    <ClCompile Include="src\inject.c">
      <Filter>Source Files</Filter>
    </ClCompile>
    <ClCompile Include="src\setting.c">
      <Filter>Source Files</Filter>
    </ClCompile>
    <ClCompile Include="src\option.c">
      <Filter>Source Files</Filter>
    </ClCompile>
    <ClCompile Include="src\platform.c">
      <Filter>Source Files</Filter>
    </ClCompile>
    <ClCompile Include="src\functionarray.c">
      <Filter>Source Files</Filter>
    </ClCompile>
    <ClCompile Include="src\libraryarray.c">
      <Filter>Source Files</Filter>
    </ClCompile>
    <ClCompile Include="src\componentarray.c">
      <Filter>Source Files</Filter>
    </ClCompile>
    <ClCompile Include="src\logfile.c">
      <Filter>Source Files</Filter>
    </ClCompile>
    <ClCompile Include="src\detour\veh.c">
      <Filter>Source Files</Filter>
    </ClCompile>
    <ClCompile Include="src\detour\detour.c">
      <Filter>Source Files</Filter>
    </ClCompile>
    <ClCompile Include="src\rtl\smartarray.c">
      <Filter>Source Files</Filter>
    </ClCompile>
    <ClCompile Include="src\rtl\rtl.c">
      <Filter>Source Files</Filter>
    </ClCompile>
  </ItemGroup>
  <ItemGroup>
    <None Include="common.def">
      <Filter>Source Files</Filter>
    </None>
  </ItemGroup>
  <ItemGroup>
    <ResourceCompile Include="common.rc">
      <Filter>Resource Files</Filter>
    </ResourceCompile>
  </ItemGroup>
  <ItemGroup>
    <CustomBuild Include="src\detour\inline_i386.asm">
      <Filter>Source Files</Filter>
    </CustomBuild>
    <CustomBuild Include="src\detour\inline_amd64.asm">
      <Filter>Source Files</Filter>
    </CustomBuild>
  </ItemGroup>
</Project>