<?xml version="1.0" encoding="utf-8"?>
<Project ToolsVersion="4.0" xmlns="http://schemas.microsoft.com/developer/msbuild/2003">
  <ItemGroup>
    <Filter Include="Header Files">
      <UniqueIdentifier>{5BB1F642-6D30-4BF2-BAB4-97E4F9E239FF}</UniqueIdentifier>
      <Extensions>h;hh;hpp;hxx;hm;inl;inc;xsd</Extensions>
    </Filter>
    <Filter Include="Source Files">
      <UniqueIdentifier>{29D3E521-B5CA-4CA7-BF8F-2101E7BF8D12}</UniqueIdentifier>
      <Extensions>cpp;c;cc;cxx;def;odl;idl;hpj;bat;asm;asmx</Extensions>
    </Filter>
    <Filter Include="Resource Files">
      <UniqueIdentifier>{B9F99A48-3B93-4389-9CB3-E8032B4A0A68}</UniqueIdentifier>
      <Extensions>rc;ico;cur;bmp;dlg;rc2;rct;bin;rgs;gif;jpg;jpeg;jpe;resx;tiff;tif;png;wav;mfcribbon-ms</Extensions>
    </Filter>
  </ItemGroup>
  <ItemGroup>
    <ClCompile Include="shell.c">
      <Filter>Source Files</Filter>
    </ClCompile>
    <ClCompile Include="src\IShellExtInit.c">
      <Filter>Source Files</Filter>
    </ClCompile>
    <ClCompile Include="src\IClassFactory.c">
      <Filter>Source Files</Filter>
    </ClCompile>
    <ClCompile Include="src\IContextMenu.c">
      <Filter>Source Files</Filter>
    </ClCompile>
  </ItemGroup>
  <ItemGroup>
    <None Include="shell.def">
      <Filter>Source Files</Filter>
    </None>
  </ItemGroup>
  <ItemGroup>
    <ClInclude Include="shell.h">
      <Filter>Header Files</Filter>
    </ClInclude>
    <ClInclude Include="src\IShellExtInit.h">
      <Filter>Header Files</Filter>
    </ClInclude>
    <ClInclude Include="src\IClassFactory.h">
      <Filter>Header Files</Filter>
    </ClInclude>
    <ClInclude Include="src\IContextMenu.h">
      <Filter>Header Files</Filter>
    </ClInclude>
  </ItemGroup>
</Project>